
Microsoft Visual Studio Solution File, Format Version 12.00
# Visual Studio 15
VisualStudioVersion = 15.0.26730.15
MinimumVisualStudioVersion = 10.0.40219.1
Project("{FAE04EC0-301F-11D3-BF4B-00C04F79EFBC}") = "BackupManager", "BackupManager/BackupManager.csproj", "{B7ECE925-4E11-4E79-B765-0366C4830363}"
EndProject
Global
	GlobalSection(SolutionConfigurationPlatforms) = preSolution
		Debug|Any CPU = Debug|Any CPU
		Release|Any CPU = Release|Any CPU
	EndGlobalSection
	GlobalSection(ProjectConfigurationPlatforms) = postSolution
		{B7ECE925-4E11-4E79-B765-0366C4830363}.Debug|Any CPU.ActiveCfg = Debug|Any CPU
		{B7ECE925-4E11-4E79-B765-0366C4830363}.Debug|Any CPU.Build.0 = Debug|Any CPU
		{B7ECE925-4E11-4E79-B765-0366C4830363}.Release|Any CPU.ActiveCfg = Release|Any CPU
		{B7ECE925-4E11-4E79-B765-0366C4830363}.Release|Any CPU.Build.0 = Release|Any CPU
	EndGlobalSection
	GlobalSection(SolutionProperties) = preSolution
		HideSolutionNode = FALSE
	EndGlobalSection
	GlobalSection(ExtensibilityGlobals) = postSolution
		SolutionGuid = {B84BE563-A720-44C4-9E3A-A20689FD0296}
	EndGlobalSection
EndGlobal
